// !$*UTF8*$!
{
	archiveVersion = 1;
	classes = {
	};
	objectVersion = 46;
	objects = {

/* Begin PBXBuildFile section */
		A10F429C19E8CC7200F0A0B8 /* CustomPushHandle.m in Sources */ = {isa = PBXBuildFile; fileRef = A10F429519E8CC7200F0A0B8 /* CustomPushHandle.m */; };
		A10F429D19E8CC7200F0A0B8 /* DefaultPushHandle.m in Sources */ = {isa = PBXBuildFile; fileRef = A10F429719E8CC7200F0A0B8 /* DefaultPushHandle.m */; };
		A10F429E19E8CC7200F0A0B8 /* QBasePush.m in Sources */ = {isa = PBXBuildFile; fileRef = A10F429919E8CC7200F0A0B8 /* QBasePush.m */; };
		A10F429F19E8CC7200F0A0B8 /* PushHandle.m in Sources */ = {isa = PBXBuildFile; fileRef = A10F429B19E8CC7200F0A0B8 /* PushHandle.m */; };
		A18A2BFD19B9542D00D2FA30 /* Foundation.framework in Frameworks */ = {isa = PBXBuildFile; fileRef = A18A2BFC19B9542D00D2FA30 /* Foundation.framework */; };
		A18A2BFF19B9542D00D2FA30 /* CoreGraphics.framework in Frameworks */ = {isa = PBXBuildFile; fileRef = A18A2BFE19B9542D00D2FA30 /* CoreGraphics.framework */; };
		A18A2C0119B9542D00D2FA30 /* UIKit.framework in Frameworks */ = {isa = PBXBuildFile; fileRef = A18A2C0019B9542D00D2FA30 /* UIKit.framework */; };
		A18A2C0719B9542D00D2FA30 /* InfoPlist.strings in Resources */ = {isa = PBXBuildFile; fileRef = A18A2C0519B9542D00D2FA30 /* InfoPlist.strings */; };
		A18A2C0919B9542D00D2FA30 /* main.m in Sources */ = {isa = PBXBuildFile; fileRef = A18A2C0819B9542D00D2FA30 /* main.m */; };
		A18A2C0D19B9542D00D2FA30 /* MEAppDelegate.m in Sources */ = {isa = PBXBuildFile; fileRef = A18A2C0C19B9542D00D2FA30 /* MEAppDelegate.m */; };
		A18A2C0F19B9542D00D2FA30 /* Images.xcassets in Resources */ = {isa = PBXBuildFile; fileRef = A18A2C0E19B9542D00D2FA30 /* Images.xcassets */; };
		A18A2C1619B9542D00D2FA30 /* XCTest.framework in Frameworks */ = {isa = PBXBuildFile; fileRef = A18A2C1519B9542D00D2FA30 /* XCTest.framework */; };
		A18A2C1719B9542D00D2FA30 /* Foundation.framework in Frameworks */ = {isa = PBXBuildFile; fileRef = A18A2BFC19B9542D00D2FA30 /* Foundation.framework */; };
		A18A2C1819B9542D00D2FA30 /* UIKit.framework in Frameworks */ = {isa = PBXBuildFile; fileRef = A18A2C0019B9542D00D2FA30 /* UIKit.framework */; };
		A18A2C2019B9542D00D2FA30 /* InfoPlist.strings in Resources */ = {isa = PBXBuildFile; fileRef = A18A2C1E19B9542D00D2FA30 /* InfoPlist.strings */; };
		A18A2C2219B9542D00D2FA30 /* APNSTests.m in Sources */ = {isa = PBXBuildFile; fileRef = A18A2C2119B9542D00D2FA30 /* APNSTests.m */; };
/* End PBXBuildFile section */

/* Begin PBXContainerItemProxy section */
		A18A2C1919B9542D00D2FA30 /* PBXContainerItemProxy */ = {
			isa = PBXContainerItemProxy;
			containerPortal = A18A2BF119B9542D00D2FA30 /* Project object */;
			proxyType = 1;
			remoteGlobalIDString = A18A2BF819B9542D00D2FA30;
			remoteInfo = APNS;
		};
/* End PBXContainerItemProxy section */

/* Begin PBXFileReference section */
		A10F429419E8CC7200F0A0B8 /* CustomPushHandle.h */ = {isa = PBXFileReference; fileEncoding = 4; lastKnownFileType = sourcecode.c.h; path = CustomPushHandle.h; sourceTree = "<group>"; };
		A10F429519E8CC7200F0A0B8 /* CustomPushHandle.m */ = {isa = PBXFileReference; fileEncoding = 4; lastKnownFileType = sourcecode.c.objc; path = CustomPushHandle.m; sourceTree = "<group>"; };
		A10F429619E8CC7200F0A0B8 /* DefaultPushHandle.h */ = {isa = PBXFileReference; fileEncoding = 4; lastKnownFileType = sourcecode.c.h; path = DefaultPushHandle.h; sourceTree = "<group>"; };
		A10F429719E8CC7200F0A0B8 /* DefaultPushHandle.m */ = {isa = PBXFileReference; fileEncoding = 4; lastKnownFileType = sourcecode.c.objc; path = DefaultPushHandle.m; sourceTree = "<group>"; };
		A10F429819E8CC7200F0A0B8 /* QBasePush.h */ = {isa = PBXFileReference; fileEncoding = 4; lastKnownFileType = sourcecode.c.h; path = QBasePush.h; sourceTree = "<group>"; };
		A10F429919E8CC7200F0A0B8 /* QBasePush.m */ = {isa = PBXFileReference; fileEncoding = 4; lastKnownFileType = sourcecode.c.objc; path = QBasePush.m; sourceTree = "<group>"; };
		A10F429A19E8CC7200F0A0B8 /* PushHandle.h */ = {isa = PBXFileReference; fileEncoding = 4; lastKnownFileType = sourcecode.c.h; path = PushHandle.h; sourceTree = "<group>"; };
		A10F429B19E8CC7200F0A0B8 /* PushHandle.m */ = {isa = PBXFileReference; fileEncoding = 4; lastKnownFileType = sourcecode.c.objc; path = PushHandle.m; sourceTree = "<group>"; };
		A18A2BF919B9542D00D2FA30 /* APNS.app */ = {isa = PBXFileReference; explicitFileType = wrapper.application; includeInIndex = 0; path = APNS.app; sourceTree = BUILT_PRODUCTS_DIR; };
		A18A2BFC19B9542D00D2FA30 /* Foundation.framework */ = {isa = PBXFileReference; lastKnownFileType = wrapper.framework; name = Foundation.framework; path = System/Library/Frameworks/Foundation.framework; sourceTree = SDKROOT; };
		A18A2BFE19B9542D00D2FA30 /* CoreGraphics.framework */ = {isa = PBXFileReference; lastKnownFileType = wrapper.framework; name = CoreGraphics.framework; path = System/Library/Frameworks/CoreGraphics.framework; sourceTree = SDKROOT; };
		A18A2C0019B9542D00D2FA30 /* UIKit.framework */ = {isa = PBXFileReference; lastKnownFileType = wrapper.framework; name = UIKit.framework; path = System/Library/Frameworks/UIKit.framework; sourceTree = SDKROOT; };
		A18A2C0419B9542D00D2FA30 /* APNS-Info.plist */ = {isa = PBXFileReference; lastKnownFileType = text.plist.xml; path = "APNS-Info.plist"; sourceTree = "<group>"; };
		A18A2C0619B9542D00D2FA30 /* en */ = {isa = PBXFileReference; lastKnownFileType = text.plist.strings; name = en; path = en.lproj/InfoPlist.strings; sourceTree = "<group>"; };
		A18A2C0819B9542D00D2FA30 /* main.m */ = {isa = PBXFileReference; lastKnownFileType = sourcecode.c.objc; path = main.m; sourceTree = "<group>"; };
		A18A2C0A19B9542D00D2FA30 /* APNS-Prefix.pch */ = {isa = PBXFileReference; lastKnownFileType = sourcecode.c.h; path = "APNS-Prefix.pch"; sourceTree = "<group>"; };
		A18A2C0B19B9542D00D2FA30 /* MEAppDelegate.h */ = {isa = PBXFileReference; lastKnownFileType = sourcecode.c.h; path = MEAppDelegate.h; sourceTree = "<group>"; };
		A18A2C0C19B9542D00D2FA30 /* MEAppDelegate.m */ = {isa = PBXFileReference; lastKnownFileType = sourcecode.c.objc; path = MEAppDelegate.m; sourceTree = "<group>"; };
		A18A2C0E19B9542D00D2FA30 /* Images.xcassets */ = {isa = PBXFileReference; lastKnownFileType = folder.assetcatalog; path = Images.xcassets; sourceTree = "<group>"; };
		A18A2C1419B9542D00D2FA30 /* APNSTests.xctest */ = {isa = PBXFileReference; explicitFileType = wrapper.cfbundle; includeInIndex = 0; path = APNSTests.xctest; sourceTree = BUILT_PRODUCTS_DIR; };
		A18A2C1519B9542D00D2FA30 /* XCTest.framework */ = {isa = PBXFileReference; lastKnownFileType = wrapper.framework; name = XCTest.framework; path = Library/Frameworks/XCTest.framework; sourceTree = DEVELOPER_DIR; };
		A18A2C1D19B9542D00D2FA30 /* APNSTests-Info.plist */ = {isa = PBXFileReference; lastKnownFileType = text.plist.xml; path = "APNSTests-Info.plist"; sourceTree = "<group>"; };
		A18A2C1F19B9542D00D2FA30 /* en */ = {isa = PBXFileReference; lastKnownFileType = text.plist.strings; name = en; path = en.lproj/InfoPlist.strings; sourceTree = "<group>"; };
		A18A2C2119B9542D00D2FA30 /* APNSTests.m */ = {isa = PBXFileReference; lastKnownFileType = sourcecode.c.objc; path = APNSTests.m; sourceTree = "<group>"; };
/* End PBXFileReference section */

/* Begin PBXFrameworksBuildPhase section */
		A18A2BF619B9542D00D2FA30 /* Frameworks */ = {
			isa = PBXFrameworksBuildPhase;
			buildActionMask = 2147483647;
			files = (
				A18A2BFF19B9542D00D2FA30 /* CoreGraphics.framework in Frameworks */,
				A18A2C0119B9542D00D2FA30 /* UIKit.framework in Frameworks */,
				A18A2BFD19B9542D00D2FA30 /* Foundation.framework in Frameworks */,
			);
			runOnlyForDeploymentPostprocessing = 0;
		};
		A18A2C1119B9542D00D2FA30 /* Frameworks */ = {
			isa = PBXFrameworksBuildPhase;
			buildActionMask = 2147483647;
			files = (
				A18A2C1619B9542D00D2FA30 /* XCTest.framework in Frameworks */,
				A18A2C1819B9542D00D2FA30 /* UIKit.framework in Frameworks */,
				A18A2C1719B9542D00D2FA30 /* Foundation.framework in Frameworks */,
			);
			runOnlyForDeploymentPostprocessing = 0;
		};
/* End PBXFrameworksBuildPhase section */

/* Begin PBXGroup section */
		A10F429319E8CC7200F0A0B8 /* src */ = {
			isa = PBXGroup;
			children = (
				A10F429419E8CC7200F0A0B8 /* CustomPushHandle.h */,
				A10F429519E8CC7200F0A0B8 /* CustomPushHandle.m */,
				A10F429619E8CC7200F0A0B8 /* DefaultPushHandle.h */,
				A10F429719E8CC7200F0A0B8 /* DefaultPushHandle.m */,
				A10F429819E8CC7200F0A0B8 /* QBasePush.h */,
				A10F429919E8CC7200F0A0B8 /* QBasePush.m */,
				A10F429A19E8CC7200F0A0B8 /* PushHandle.h */,
				A10F429B19E8CC7200F0A0B8 /* PushHandle.m */,
			);
			path = src;
			sourceTree = "<group>";
		};
		A18A2BF019B9542C00D2FA30 = {
			isa = PBXGroup;
			children = (
				A10F429319E8CC7200F0A0B8 /* src */,
				A18A2C0219B9542D00D2FA30 /* APNS */,
				A18A2C1B19B9542D00D2FA30 /* APNSTests */,
				A18A2BFB19B9542D00D2FA30 /* Frameworks */,
				A18A2BFA19B9542D00D2FA30 /* Products */,
			);
			sourceTree = "<group>";
		};
		A18A2BFA19B9542D00D2FA30 /* Products */ = {
			isa = PBXGroup;
			children = (
				A18A2BF919B9542D00D2FA30 /* APNS.app */,
				A18A2C1419B9542D00D2FA30 /* APNSTests.xctest */,
			);
			name = Products;
			sourceTree = "<group>";
		};
		A18A2BFB19B9542D00D2FA30 /* Frameworks */ = {
			isa = PBXGroup;
			children = (
				A18A2BFC19B9542D00D2FA30 /* Foundation.framework */,
				A18A2BFE19B9542D00D2FA30 /* CoreGraphics.framework */,
				A18A2C0019B9542D00D2FA30 /* UIKit.framework */,
				A18A2C1519B9542D00D2FA30 /* XCTest.framework */,
			);
			name = Frameworks;
			sourceTree = "<group>";
		};
		A18A2C0219B9542D00D2FA30 /* APNS */ = {
			isa = PBXGroup;
			children = (
				A18A2C0B19B9542D00D2FA30 /* MEAppDelegate.h */,
				A18A2C0C19B9542D00D2FA30 /* MEAppDelegate.m */,
				A18A2C0E19B9542D00D2FA30 /* Images.xcassets */,
				A18A2C0319B9542D00D2FA30 /* Supporting Files */,
			);
			path = APNS;
			sourceTree = "<group>";
		};
		A18A2C0319B9542D00D2FA30 /* Supporting Files */ = {
			isa = PBXGroup;
			children = (
				A18A2C0419B9542D00D2FA30 /* APNS-Info.plist */,
				A18A2C0519B9542D00D2FA30 /* InfoPlist.strings */,
				A18A2C0819B9542D00D2FA30 /* main.m */,
				A18A2C0A19B9542D00D2FA30 /* APNS-Prefix.pch */,
			);
			name = "Supporting Files";
			sourceTree = "<group>";
		};
		A18A2C1B19B9542D00D2FA30 /* APNSTests */ = {
			isa = PBXGroup;
			children = (
				A18A2C2119B9542D00D2FA30 /* APNSTests.m */,
				A18A2C1C19B9542D00D2FA30 /* Supporting Files */,
			);
			path = APNSTests;
			sourceTree = "<group>";
		};
		A18A2C1C19B9542D00D2FA30 /* Supporting Files */ = {
			isa = PBXGroup;
			children = (
				A18A2C1D19B9542D00D2FA30 /* APNSTests-Info.plist */,
				A18A2C1E19B9542D00D2FA30 /* InfoPlist.strings */,
			);
			name = "Supporting Files";
			sourceTree = "<group>";
		};
/* End PBXGroup section */

/* Begin PBXNativeTarget section */
		A18A2BF819B9542D00D2FA30 /* APNS */ = {
			isa = PBXNativeTarget;
			buildConfigurationList = A18A2C2519B9542D00D2FA30 /* Build configuration list for PBXNativeTarget "APNS" */;
			buildPhases = (
				A18A2BF519B9542D00D2FA30 /* Sources */,
				A18A2BF619B9542D00D2FA30 /* Frameworks */,
				A18A2BF719B9542D00D2FA30 /* Resources */,
			);
			buildRules = (
			);
			dependencies = (
			);
			name = APNS;
			productName = APNS;
			productReference = A18A2BF919B9542D00D2FA30 /* APNS.app */;
			productType = "com.apple.product-type.application";
		};
		A18A2C1319B9542D00D2FA30 /* APNSTests */ = {
			isa = PBXNativeTarget;
			buildConfigurationList = A18A2C2819B9542D00D2FA30 /* Build configuration list for PBXNativeTarget "APNSTests" */;
			buildPhases = (
				A18A2C1019B9542D00D2FA30 /* Sources */,
				A18A2C1119B9542D00D2FA30 /* Frameworks */,
				A18A2C1219B9542D00D2FA30 /* Resources */,
			);
			buildRules = (
			);
			dependencies = (
				A18A2C1A19B9542D00D2FA30 /* PBXTargetDependency */,
			);
			name = APNSTests;
			productName = APNSTests;
			productReference = A18A2C1419B9542D00D2FA30 /* APNSTests.xctest */;
			productType = "com.apple.product-type.bundle.unit-test";
		};
/* End PBXNativeTarget section */

/* Begin PBXProject section */
		A18A2BF119B9542D00D2FA30 /* Project object */ = {
			isa = PBXProject;
			attributes = {
				CLASSPREFIX = ME;
				LastUpgradeCheck = 0510;
				ORGANIZATIONNAME = "JianXiang Jin";
				TargetAttributes = {
					A18A2C1319B9542D00D2FA30 = {
						TestTargetID = A18A2BF819B9542D00D2FA30;
					};
				};
			};
			buildConfigurationList = A18A2BF419B9542D00D2FA30 /* Build configuration list for PBXProject "APNS" */;
			compatibilityVersion = "Xcode 3.2";
			developmentRegion = English;
			hasScannedForEncodings = 0;
			knownRegions = (
				en,
			);
			mainGroup = A18A2BF019B9542C00D2FA30;
			productRefGroup = A18A2BFA19B9542D00D2FA30 /* Products */;
			projectDirPath = "";
			projectRoot = "";
			targets = (
				A18A2BF819B9542D00D2FA30 /* APNS */,
				A18A2C1319B9542D00D2FA30 /* APNSTests */,
			);
		};
/* End PBXProject section */

/* Begin PBXResourcesBuildPhase section */
		A18A2BF719B9542D00D2FA30 /* Resources */ = {
			isa = PBXResourcesBuildPhase;
			buildActionMask = 2147483647;
			files = (
				A18A2C0719B9542D00D2FA30 /* InfoPlist.strings in Resources */,
				A18A2C0F19B9542D00D2FA30 /* Images.xcassets in Resources */,
			);
			runOnlyForDeploymentPostprocessing = 0;
		};
		A18A2C1219B9542D00D2FA30 /* Resources */ = {
			isa = PBXResourcesBuildPhase;
			buildActionMask = 2147483647;
			files = (
				A18A2C2019B9542D00D2FA30 /* InfoPlist.strings in Resources */,
			);
			runOnlyForDeploymentPostprocessing = 0;
		};
/* End PBXResourcesBuildPhase section */

/* Begin PBXSourcesBuildPhase section */
		A18A2BF519B9542D00D2FA30 /* Sources */ = {
			isa = PBXSourcesBuildPhase;
			buildActionMask = 2147483647;
			files = (
				A18A2C0D19B9542D00D2FA30 /* MEAppDelegate.m in Sources */,
				A10F429F19E8CC7200F0A0B8 /* PushHandle.m in Sources */,
				A18A2C0919B9542D00D2FA30 /* main.m in Sources */,
				A10F429C19E8CC7200F0A0B8 /* CustomPushHandle.m in Sources */,
				A10F429E19E8CC7200F0A0B8 /* QBasePush.m in Sources */,
				A10F429D19E8CC7200F0A0B8 /* DefaultPushHandle.m in Sources */,
			);
			runOnlyForDeploymentPostprocessing = 0;
		};
		A18A2C1019B9542D00D2FA30 /* Sources */ = {
			isa = PBXSourcesBuildPhase;
			buildActionMask = 2147483647;
			files = (
				A18A2C2219B9542D00D2FA30 /* APNSTests.m in Sources */,
			);
			runOnlyForDeploymentPostprocessing = 0;
		};
/* End PBXSourcesBuildPhase section */

/* Begin PBXTargetDependency section */
		A18A2C1A19B9542D00D2FA30 /* PBXTargetDependency */ = {
			isa = PBXTargetDependency;
			target = A18A2BF819B9542D00D2FA30 /* APNS */;
			targetProxy = A18A2C1919B9542D00D2FA30 /* PBXContainerItemProxy */;
		};
/* End PBXTargetDependency section */

/* Begin PBXVariantGroup section */
		A18A2C0519B9542D00D2FA30 /* InfoPlist.strings */ = {
			isa = PBXVariantGroup;
			children = (
				A18A2C0619B9542D00D2FA30 /* en */,
			);
			name = InfoPlist.strings;
			sourceTree = "<group>";
		};
		A18A2C1E19B9542D00D2FA30 /* InfoPlist.strings */ = {
			isa = PBXVariantGroup;
			children = (
				A18A2C1F19B9542D00D2FA30 /* en */,
			);
			name = InfoPlist.strings;
			sourceTree = "<group>";
		};
/* End PBXVariantGroup section */

/* Begin XCBuildConfiguration section */
		A18A2C2319B9542D00D2FA30 /* Debug */ = {
			isa = XCBuildConfiguration;
			buildSettings = {
				ALWAYS_SEARCH_USER_PATHS = NO;
				CLANG_CXX_LANGUAGE_STANDARD = "gnu++0x";
				CLANG_CXX_LIBRARY = "libc++";
				CLANG_ENABLE_MODULES = YES;
				CLANG_ENABLE_OBJC_ARC = YES;
				CLANG_WARN_BOOL_CONVERSION = YES;
				CLANG_WARN_CONSTANT_CONVERSION = YES;
				CLANG_WARN_DIRECT_OBJC_ISA_USAGE = YES_ERROR;
				CLANG_WARN_EMPTY_BODY = YES;
				CLANG_WARN_ENUM_CONVERSION = YES;
				CLANG_WARN_INT_CONVERSION = YES;
				CLANG_WARN_OBJC_ROOT_CLASS = YES_ERROR;
				CLANG_WARN__DUPLICATE_METHOD_MATCH = YES;
				"CODE_SIGN_IDENTITY[sdk=iphoneos*]" = "iPhone Developer";
				COPY_PHASE_STRIP = NO;
				GCC_C_LANGUAGE_STANDARD = gnu99;
				GCC_DYNAMIC_NO_PIC = NO;
				GCC_OPTIMIZATION_LEVEL = 0;
				GCC_PREPROCESSOR_DEFINITIONS = (
					"DEBUG=1",
					"$(inherited)",
				);
				GCC_SYMBOLS_PRIVATE_EXTERN = NO;
				GCC_WARN_64_TO_32_BIT_CONVERSION = YES;
				GCC_WARN_ABOUT_RETURN_TYPE = YES_ERROR;
				GCC_WARN_UNDECLARED_SELECTOR = YES;
				GCC_WARN_UNINITIALIZED_AUTOS = YES_AGGRESSIVE;
				GCC_WARN_UNUSED_FUNCTION = YES;
				GCC_WARN_UNUSED_VARIABLE = YES;
				IPHONEOS_DEPLOYMENT_TARGET = 7.1;
				ONLY_ACTIVE_ARCH = YES;
				SDKROOT = iphoneos;
				TARGETED_DEVICE_FAMILY = "1,2";
			};
			name = Debug;
		};
		A18A2C2419B9542D00D2FA30 /* Release */ = {
			isa = XCBuildConfiguration;
			buildSettings = {
				ALWAYS_SEARCH_USER_PATHS = NO;
				CLANG_CXX_LANGUAGE_STANDARD = "gnu++0x";
				CLANG_CXX_LIBRARY = "libc++";
				CLANG_ENABLE_MODULES = YES;
				CLANG_ENABLE_OBJC_ARC = YES;
				CLANG_WARN_BOOL_CONVERSION = YES;
				CLANG_WARN_CONSTANT_CONVERSION = YES;
				CLANG_WARN_DIRECT_OBJC_ISA_USAGE = YES_ERROR;
				CLANG_WARN_EMPTY_BODY = YES;
				CLANG_WARN_ENUM_CONVERSION = YES;
				CLANG_WARN_INT_CONVERSION = YES;
				CLANG_WARN_OBJC_ROOT_CLASS = YES_ERROR;
				CLANG_WARN__DUPLICATE_METHOD_MATCH = YES;
				"CODE_SIGN_IDENTITY[sdk=iphoneos*]" = "iPhone Developer";
				COPY_PHASE_STRIP = YES;
				ENABLE_NS_ASSERTIONS = NO;
				GCC_C_LANGUAGE_STANDARD = gnu99;
				GCC_WARN_64_TO_32_BIT_CONVERSION = YES;
				GCC_WARN_ABOUT_RETURN_TYPE = YES_ERROR;
				GCC_WARN_UNDECLARED_SELECTOR = YES;
				GCC_WARN_UNINITIALIZED_AUTOS = YES_AGGRESSIVE;
				GCC_WARN_UNUSED_FUNCTION = YES;
				GCC_WARN_UNUSED_VARIABLE = YES;
				IPHONEOS_DEPLOYMENT_TARGET = 7.1;
				SDKROOT = iphoneos;
				TARGETED_DEVICE_FAMILY = "1,2";
				VALIDATE_PRODUCT = YES;
			};
			name = Release;
		};
		A18A2C2619B9542D00D2FA30 /* Debug */ = {
			isa = XCBuildConfiguration;
			buildSettings = {
				ASSETCATALOG_COMPILER_APPICON_NAME = AppIcon;
				ASSETCATALOG_COMPILER_LAUNCHIMAGE_NAME = LaunchImage;
				CODE_SIGN_IDENTITY = "iPhone Developer: shilong sang (9T3353N28G)";
				"CODE_SIGN_IDENTITY[sdk=iphoneos*]" = "iPhone Developer: shilong sang (9T3353N28G)";
				GCC_PRECOMPILE_PREFIX_HEADER = YES;
				GCC_PREFIX_HEADER = "APNS/APNS-Prefix.pch";
				INFOPLIST_FILE = "APNS/APNS-Info.plist";
				IPHONEOS_DEPLOYMENT_TARGET = 6.0;
				PRODUCT_NAME = "$(TARGET_NAME)";
				PROVISIONING_PROFILE = "32b1facd-0dca-42ad-8051-f84f1f0eee4e";
				WRAPPER_EXTENSION = app;
			};
			name = Debug;
		};
		A18A2C2719B9542D00D2FA30 /* Release */ = {
			isa = XCBuildConfiguration;
			buildSettings = {
				ASSETCATALOG_COMPILER_APPICON_NAME = AppIcon;
				ASSETCATALOG_COMPILER_LAUNCHIMAGE_NAME = LaunchImage;
				CODE_SIGN_IDENTITY = "iPhone Developer: shilong sang (9T3353N28G)";
				"CODE_SIGN_IDENTITY[sdk=iphoneos*]" = "iPhone Developer: shilong sang (9T3353N28G)";
				GCC_PRECOMPILE_PREFIX_HEADER = YES;
				GCC_PREFIX_HEADER = "APNS/APNS-Prefix.pch";
				INFOPLIST_FILE = "APNS/APNS-Info.plist";
				IPHONEOS_DEPLOYMENT_TARGET = 6.0;
				PRODUCT_NAME = "$(TARGET_NAME)";
				PROVISIONING_PROFILE = "32b1facd-0dca-42ad-8051-f84f1f0eee4e";
				WRAPPER_EXTENSION = app;
			};
			name = Release;
		};
		A18A2C2919B9542D00D2FA30 /* Debug */ = {
			isa = XCBuildConfiguration;
			buildSettings = {
				BUNDLE_LOADER = "$(BUILT_PRODUCTS_DIR)/APNS.app/APNS";
				FRAMEWORK_SEARCH_PATHS = (
					"$(SDKROOT)/Developer/Library/Frameworks",
					"$(inherited)",
					"$(DEVELOPER_FRAMEWORKS_DIR)",
				);
				GCC_PRECOMPILE_PREFIX_HEADER = YES;
				GCC_PREFIX_HEADER = "APNS/APNS-Prefix.pch";
				GCC_PREPROCESSOR_DEFINITIONS = (
					"DEBUG=1",
					"$(inherited)",
				);
				INFOPLIST_FILE = "APNSTests/APNSTests-Info.plist";
				PRODUCT_NAME = "$(TARGET_NAME)";
				TEST_HOST = "$(BUNDLE_LOADER)";
				WRAPPER_EXTENSION = xctest;
			};
			name = Debug;
		};
		A18A2C2A19B9542D00D2FA30 /* Release */ = {
			isa = XCBuildConfiguration;
			buildSettings = {
				BUNDLE_LOADER = "$(BUILT_PRODUCTS_DIR)/APNS.app/APNS";
				FRAMEWORK_SEARCH_PATHS = (
					"$(SDKROOT)/Developer/Library/Frameworks",
					"$(inherited)",
					"$(DEVELOPER_FRAMEWORKS_DIR)",
				);
				GCC_PRECOMPILE_PREFIX_HEADER = YES;
				GCC_PREFIX_HEADER = "APNS/APNS-Prefix.pch";
				INFOPLIST_FILE = "APNSTests/APNSTests-Info.plist";
				PRODUCT_NAME = "$(TARGET_NAME)";
				TEST_HOST = "$(BUNDLE_LOADER)";
				WRAPPER_EXTENSION = xctest;
			};
			name = Release;
		};
/* End XCBuildConfiguration section */

/* Begin XCConfigurationList section */
		A18A2BF419B9542D00D2FA30 /* Build configuration list for PBXProject "APNS" */ = {
			isa = XCConfigurationList;
			buildConfigurations = (
				A18A2C2319B9542D00D2FA30 /* Debug */,
				A18A2C2419B9542D00D2FA30 /* Release */,
			);
			defaultConfigurationIsVisible = 0;
			defaultConfigurationName = Release;
		};
		A18A2C2519B9542D00D2FA30 /* Build configuration list for PBXNativeTarget "APNS" */ = {
			isa = XCConfigurationList;
			buildConfigurations = (
				A18A2C2619B9542D00D2FA30 /* Debug */,
				A18A2C2719B9542D00D2FA30 /* Release */,
			);
			defaultConfigurationIsVisible = 0;
			defaultConfigurationName = Release;
		};
		A18A2C2819B9542D00D2FA30 /* Build configuration list for PBXNativeTarget "APNSTests" */ = {
			isa = XCConfigurationList;
			buildConfigurations = (
				A18A2C2919B9542D00D2FA30 /* Debug */,
				A18A2C2A19B9542D00D2FA30 /* Release */,
			);
			defaultConfigurationIsVisible = 0;
			defaultConfigurationName = Release;
		};
/* End XCConfigurationList section */
	};
	rootObject = A18A2BF119B9542D00D2FA30 /* Project object */;
}
